<Solution>
  <Project Path="AuditService/AuditService.csproj" />
  <Project Path="AuthService/AuthService.csproj" />
  <Project Path="Microservicio.Carreras/Microservicio.Carreras.csproj" Id="e0cf225c-d4cd-429b-ae7d-0c83f5c3b248" />
  <Project Path="Microservicio.Instituciones/Microservicio.Instituciones.csproj" Id="b92447c6-f970-41bf-a25b-afe99cea0d54" />
  <Project Path="Microservicio.Usuario/Microservicio.Usuario.csproj" />
</Solution>
